
Microsoft Visual Studio Solution File, Format Version 12.00
# Visual Studio 15
VisualStudioVersion = 15.0.28307.852
MinimumVisualStudioVersion = 10.0.40219.1
Project("{9A19103F-16F7-4668-BE54-9A1E7A4F7556}") = "simple-crud-microsservice", "simple-crud-microsservice\simple-crud-microsservice.csproj", "{DAC39429-F230-4095-AD96-BDB35EE3E2E6}"
EndProject
Project("{E53339B2-1760-4266-BCC7-CA923CBCF16C}") = "docker-compose", "docker-compose.dcproj", "{082CC5CA-B00F-42A6-B4FE-FE87D8DC7792}"
EndProject
Global
	GlobalSection(SolutionConfigurationPlatforms) = preSolution
		Debug|Any CPU = Debug|Any CPU
		Release|Any CPU = Release|Any CPU
	EndGlobalSection
	GlobalSection(ProjectConfigurationPlatforms) = postSolution
		{DAC39429-F230-4095-AD96-BDB35EE3E2E6}.Debug|Any CPU.ActiveCfg = Debug|Any CPU
		{DAC39429-F230-4095-AD96-BDB35EE3E2E6}.Debug|Any CPU.Build.0 = Debug|Any CPU
		{DAC39429-F230-4095-AD96-BDB35EE3E2E6}.Release|Any CPU.ActiveCfg = Release|Any CPU
		{DAC39429-F230-4095-AD96-BDB35EE3E2E6}.Release|Any CPU.Build.0 = Release|Any CPU
		{082CC5CA-B00F-42A6-B4FE-FE87D8DC7792}.Debug|Any CPU.ActiveCfg = Debug|Any CPU
		{082CC5CA-B00F-42A6-B4FE-FE87D8DC7792}.Debug|Any CPU.Build.0 = Debug|Any CPU
		{082CC5CA-B00F-42A6-B4FE-FE87D8DC7792}.Release|Any CPU.ActiveCfg = Release|Any CPU
		{082CC5CA-B00F-42A6-B4FE-FE87D8DC7792}.Release|Any CPU.Build.0 = Release|Any CPU
	EndGlobalSection
	GlobalSection(SolutionProperties) = preSolution
		HideSolutionNode = FALSE
	EndGlobalSection
	GlobalSection(ExtensibilityGlobals) = postSolution
		SolutionGuid = {2FDD6BDE-942B-45F4-AAB7-AAF2EEBA9A1B}
	EndGlobalSection
EndGlobal
